
Microsoft Visual Studio Solution File, Format Version 12.00
Project("{FAE04EC0-301F-11D3-BF4B-00C04F79EFBC}") = "Dbml2Ef", "Dbml2Ef\Dbml2Ef.csproj", "{2D3C28B3-4016-4BE1-B7B0-E381588CE7B3}"
EndProject
Global
	GlobalSection(SolutionConfigurationPlatforms) = preSolution
		Debug|Any CPU = Debug|Any CPU
		Release|Any CPU = Release|Any CPU
	EndGlobalSection
	GlobalSection(ProjectConfigurationPlatforms) = postSolution
		{2D3C28B3-4016-4BE1-B7B0-E381588CE7B3}.Debug|Any CPU.ActiveCfg = Debug|Any CPU
		{2D3C28B3-4016-4BE1-B7B0-E381588CE7B3}.Debug|Any CPU.Build.0 = Debug|Any CPU
		{2D3C28B3-4016-4BE1-B7B0-E381588CE7B3}.Release|Any CPU.ActiveCfg = Release|Any CPU
		{2D3C28B3-4016-4BE1-B7B0-E381588CE7B3}.Release|Any CPU.Build.0 = Release|Any CPU
	EndGlobalSection
EndGlobal
